// !$*UTF8*$!
{
	archiveVersion = 1;
	classes = {
	};
	objectVersion = 60;
	objects = {

/* Begin PBXBuildFile section */
		6F6D5F522B911C8700DDA3D6 /* PrismDMXApp.swift in Sources */ = {isa = PBXBuildFile; fileRef = 6F6D5F512B911C8700DDA3D6 /* PrismDMXApp.swift */; };
		6F6D5F542B911C8700DDA3D6 /* PrismDMXDocument.swift in Sources */ = {isa = PBXBuildFile; fileRef = 6F6D5F532B911C8700DDA3D6 /* PrismDMXDocument.swift */; };
		6F6D5F562B911C8700DDA3D6 /* ContentView.swift in Sources */ = {isa = PBXBuildFile; fileRef = 6F6D5F552B911C8700DDA3D6 /* ContentView.swift */; };
		6F6D5F582B911C8800DDA3D6 /* Assets.xcassets in Resources */ = {isa = PBXBuildFile; fileRef = 6F6D5F572B911C8800DDA3D6 /* Assets.xcassets */; };
		6F6D5F5D2B911C8800DDA3D6 /* Preview Assets.xcassets in Resources */ = {isa = PBXBuildFile; fileRef = 6F6D5F5C2B911C8800DDA3D6 /* Preview Assets.xcassets */; };
		6F6D5F672B911C8800DDA3D6 /* PrismDMXTests.swift in Sources */ = {isa = PBXBuildFile; fileRef = 6F6D5F662B911C8800DDA3D6 /* PrismDMXTests.swift */; };
		6F6D5F712B911C8800DDA3D6 /* PrismDMXUITests.swift in Sources */ = {isa = PBXBuildFile; fileRef = 6F6D5F702B911C8800DDA3D6 /* PrismDMXUITests.swift */; };
		6F6D5F732B911C8800DDA3D6 /* PrismDMXUITestsLaunchTests.swift in Sources */ = {isa = PBXBuildFile; fileRef = 6F6D5F722B911C8800DDA3D6 /* PrismDMXUITestsLaunchTests.swift */; };
		6F6D5F812B91214400DDA3D6 /* workspace.swift in Sources */ = {isa = PBXBuildFile; fileRef = 6F6D5F802B91214400DDA3D6 /* workspace.swift */; };
		6F6D5F842B91D5D700DDA3D6 /* sACN in Frameworks */ = {isa = PBXBuildFile; productRef = 6F6D5F832B91D5D700DDA3D6 /* sACN */; };
		6F6D5F862B91D5D700DDA3D6 /* sACNDemo in Frameworks */ = {isa = PBXBuildFile; productRef = 6F6D5F852B91D5D700DDA3D6 /* sACNDemo */; };
		6F6D5F882B91D67100DDA3D6 /* setup.swift in Sources */ = {isa = PBXBuildFile; fileRef = 6F6D5F872B91D67100DDA3D6 /* setup.swift */; };
		6F6D5F8B2B93461800DDA3D6 /* var.swift in Sources */ = {isa = PBXBuildFile; fileRef = 6F6D5F8A2B93461800DDA3D6 /* var.swift */; };
		6F6D5F8F2B938C2700DDA3D6 /* presets.swift in Sources */ = {isa = PBXBuildFile; fileRef = 6F6D5F8E2B938C2700DDA3D6 /* presets.swift */; };
		6F6D5F912B94C4A400DDA3D6 /* README.md in Resources */ = {isa = PBXBuildFile; fileRef = 6F6D5F902B94C4A400DDA3D6 /* README.md */; };
		6F6D5F922B94C4A400DDA3D6 /* README.md in Resources */ = {isa = PBXBuildFile; fileRef = 6F6D5F902B94C4A400DDA3D6 /* README.md */; };
		6F6D5F932B94C4A400DDA3D6 /* README.md in Resources */ = {isa = PBXBuildFile; fileRef = 6F6D5F902B94C4A400DDA3D6 /* README.md */; };
		6F93C0892B97B3020056B15C /* sACN.swift in Sources */ = {isa = PBXBuildFile; fileRef = 6F93C0882B97B3020056B15C /* sACN.swift */; };
/* End PBXBuildFile section */

/* Begin PBXContainerItemProxy section */
		6F6D5F632B911C8800DDA3D6 /* PBXContainerItemProxy */ = {
			isa = PBXContainerItemProxy;
			containerPortal = 6F6D5F462B911C8700DDA3D6 /* Project object */;
			proxyType = 1;
			remoteGlobalIDString = 6F6D5F4D2B911C8700DDA3D6;
			remoteInfo = PrismDMX;
		};
		6F6D5F6D2B911C8800DDA3D6 /* PBXContainerItemProxy */ = {
			isa = PBXContainerItemProxy;
			containerPortal = 6F6D5F462B911C8700DDA3D6 /* Project object */;
			proxyType = 1;
			remoteGlobalIDString = 6F6D5F4D2B911C8700DDA3D6;
			remoteInfo = PrismDMX;
		};
/* End PBXContainerItemProxy section */

/* Begin PBXFileReference section */
		6F6D5F4E2B911C8700DDA3D6 /* PrismDMX.app */ = {isa = PBXFileReference; explicitFileType = wrapper.application; includeInIndex = 0; path = PrismDMX.app; sourceTree = BUILT_PRODUCTS_DIR; };
		6F6D5F512B911C8700DDA3D6 /* PrismDMXApp.swift */ = {isa = PBXFileReference; lastKnownFileType = sourcecode.swift; path = PrismDMXApp.swift; sourceTree = "<group>"; };
		6F6D5F532B911C8700DDA3D6 /* PrismDMXDocument.swift */ = {isa = PBXFileReference; lastKnownFileType = sourcecode.swift; path = PrismDMXDocument.swift; sourceTree = "<group>"; };
		6F6D5F552B911C8700DDA3D6 /* ContentView.swift */ = {isa = PBXFileReference; lastKnownFileType = sourcecode.swift; path = ContentView.swift; sourceTree = "<group>"; };
		6F6D5F572B911C8800DDA3D6 /* Assets.xcassets */ = {isa = PBXFileReference; lastKnownFileType = folder.assetcatalog; path = Assets.xcassets; sourceTree = "<group>"; };
		6F6D5F592B911C8800DDA3D6 /* Info.plist */ = {isa = PBXFileReference; lastKnownFileType = text.plist.xml; path = Info.plist; sourceTree = "<group>"; };
		6F6D5F5A2B911C8800DDA3D6 /* PrismDMX.entitlements */ = {isa = PBXFileReference; lastKnownFileType = text.plist.entitlements; path = PrismDMX.entitlements; sourceTree = "<group>"; };
		6F6D5F5C2B911C8800DDA3D6 /* Preview Assets.xcassets */ = {isa = PBXFileReference; lastKnownFileType = folder.assetcatalog; path = "Preview Assets.xcassets"; sourceTree = "<group>"; };
		6F6D5F622B911C8800DDA3D6 /* PrismDMXTests.xctest */ = {isa = PBXFileReference; explicitFileType = wrapper.cfbundle; includeInIndex = 0; path = PrismDMXTests.xctest; sourceTree = BUILT_PRODUCTS_DIR; };
		6F6D5F662B911C8800DDA3D6 /* PrismDMXTests.swift */ = {isa = PBXFileReference; lastKnownFileType = sourcecode.swift; path = PrismDMXTests.swift; sourceTree = "<group>"; };
		6F6D5F6C2B911C8800DDA3D6 /* PrismDMXUITests.xctest */ = {isa = PBXFileReference; explicitFileType = wrapper.cfbundle; includeInIndex = 0; path = PrismDMXUITests.xctest; sourceTree = BUILT_PRODUCTS_DIR; };
		6F6D5F702B911C8800DDA3D6 /* PrismDMXUITests.swift */ = {isa = PBXFileReference; lastKnownFileType = sourcecode.swift; path = PrismDMXUITests.swift; sourceTree = "<group>"; };
		6F6D5F722B911C8800DDA3D6 /* PrismDMXUITestsLaunchTests.swift */ = {isa = PBXFileReference; lastKnownFileType = sourcecode.swift; path = PrismDMXUITestsLaunchTests.swift; sourceTree = "<group>"; };
		6F6D5F802B91214400DDA3D6 /* workspace.swift */ = {isa = PBXFileReference; lastKnownFileType = sourcecode.swift; path = workspace.swift; sourceTree = "<group>"; };
		6F6D5F872B91D67100DDA3D6 /* setup.swift */ = {isa = PBXFileReference; lastKnownFileType = sourcecode.swift; path = setup.swift; sourceTree = "<group>"; };
		6F6D5F8A2B93461800DDA3D6 /* var.swift */ = {isa = PBXFileReference; lastKnownFileType = sourcecode.swift; path = var.swift; sourceTree = "<group>"; };
		6F6D5F8E2B938C2700DDA3D6 /* presets.swift */ = {isa = PBXFileReference; lastKnownFileType = sourcecode.swift; path = presets.swift; sourceTree = "<group>"; };
		6F6D5F902B94C4A400DDA3D6 /* README.md */ = {isa = PBXFileReference; fileEncoding = 4; lastKnownFileType = net.daringfireball.markdown; path = README.md; sourceTree = "<group>"; };
		6F93C0882B97B3020056B15C /* sACN.swift */ = {isa = PBXFileReference; lastKnownFileType = sourcecode.swift; path = sACN.swift; sourceTree = "<group>"; };
/* End PBXFileReference section */

/* Begin PBXFrameworksBuildPhase section */
		6F6D5F4B2B911C8700DDA3D6 /* Frameworks */ = {
			isa = PBXFrameworksBuildPhase;
			buildActionMask = 2147483647;
			files = (
				6F6D5F862B91D5D700DDA3D6 /* sACNDemo in Frameworks */,
				6F6D5F842B91D5D700DDA3D6 /* sACN in Frameworks */,
			);
			runOnlyForDeploymentPostprocessing = 0;
		};
		6F6D5F5F2B911C8800DDA3D6 /* Frameworks */ = {
			isa = PBXFrameworksBuildPhase;
			buildActionMask = 2147483647;
			files = (
			);
			runOnlyForDeploymentPostprocessing = 0;
		};
		6F6D5F692B911C8800DDA3D6 /* Frameworks */ = {
			isa = PBXFrameworksBuildPhase;
			buildActionMask = 2147483647;
			files = (
			);
			runOnlyForDeploymentPostprocessing = 0;
		};
/* End PBXFrameworksBuildPhase section */

/* Begin PBXGroup section */
		6F6D5F452B911C8700DDA3D6 = {
			isa = PBXGroup;
			children = (
				6F6D5F902B94C4A400DDA3D6 /* README.md */,
				6F6D5F502B911C8700DDA3D6 /* PrismDMX */,
				6F6D5F652B911C8800DDA3D6 /* PrismDMXTests */,
				6F6D5F6F2B911C8800DDA3D6 /* PrismDMXUITests */,
				6F6D5F4F2B911C8700DDA3D6 /* Products */,
			);
			sourceTree = "<group>";
		};
		6F6D5F4F2B911C8700DDA3D6 /* Products */ = {
			isa = PBXGroup;
			children = (
				6F6D5F4E2B911C8700DDA3D6 /* PrismDMX.app */,
				6F6D5F622B911C8800DDA3D6 /* PrismDMXTests.xctest */,
				6F6D5F6C2B911C8800DDA3D6 /* PrismDMXUITests.xctest */,
			);
			name = Products;
			sourceTree = "<group>";
		};
		6F6D5F502B911C8700DDA3D6 /* PrismDMX */ = {
			isa = PBXGroup;
			children = (
				6F93C0872B97B28D0056B15C /* sACN */,
				6F6D5F892B9345E200DDA3D6 /* prismDMXvar */,
				6F6D5F7F2B91213400DDA3D6 /* workspace */,
				6F6D5F512B911C8700DDA3D6 /* PrismDMXApp.swift */,
				6F6D5F532B911C8700DDA3D6 /* PrismDMXDocument.swift */,
				6F6D5F552B911C8700DDA3D6 /* ContentView.swift */,
				6F6D5F572B911C8800DDA3D6 /* Assets.xcassets */,
				6F6D5F592B911C8800DDA3D6 /* Info.plist */,
				6F6D5F5A2B911C8800DDA3D6 /* PrismDMX.entitlements */,
				6F6D5F5B2B911C8800DDA3D6 /* Preview Content */,
			);
			path = PrismDMX;
			sourceTree = "<group>";
		};
		6F6D5F5B2B911C8800DDA3D6 /* Preview Content */ = {
			isa = PBXGroup;
			children = (
				6F6D5F5C2B911C8800DDA3D6 /* Preview Assets.xcassets */,
			);
			path = "Preview Content";
			sourceTree = "<group>";
		};
		6F6D5F652B911C8800DDA3D6 /* PrismDMXTests */ = {
			isa = PBXGroup;
			children = (
				6F6D5F662B911C8800DDA3D6 /* PrismDMXTests.swift */,
			);
			path = PrismDMXTests;
			sourceTree = "<group>";
		};
		6F6D5F6F2B911C8800DDA3D6 /* PrismDMXUITests */ = {
			isa = PBXGroup;
			children = (
				6F6D5F702B911C8800DDA3D6 /* PrismDMXUITests.swift */,
				6F6D5F722B911C8800DDA3D6 /* PrismDMXUITestsLaunchTests.swift */,
			);
			path = PrismDMXUITests;
			sourceTree = "<group>";
		};
		6F6D5F7F2B91213400DDA3D6 /* workspace */ = {
			isa = PBXGroup;
			children = (
				6F6D5F802B91214400DDA3D6 /* workspace.swift */,
				6F6D5F872B91D67100DDA3D6 /* setup.swift */,
				6F6D5F8E2B938C2700DDA3D6 /* presets.swift */,
			);
			path = workspace;
			sourceTree = "<group>";
		};
		6F6D5F892B9345E200DDA3D6 /* prismDMXvar */ = {
			isa = PBXGroup;
			children = (
				6F6D5F8A2B93461800DDA3D6 /* var.swift */,
			);
			path = prismDMXvar;
			sourceTree = "<group>";
		};
		6F93C0872B97B28D0056B15C /* sACN */ = {
			isa = PBXGroup;
			children = (
				6F93C0882B97B3020056B15C /* sACN.swift */,
			);
			path = sACN;
			sourceTree = "<group>";
		};
/* End PBXGroup section */

/* Begin PBXNativeTarget section */
		6F6D5F4D2B911C8700DDA3D6 /* PrismDMX */ = {
			isa = PBXNativeTarget;
			buildConfigurationList = 6F6D5F762B911C8800DDA3D6 /* Build configuration list for PBXNativeTarget "PrismDMX" */;
			buildPhases = (
				6F6D5F4A2B911C8700DDA3D6 /* Sources */,
				6F6D5F4B2B911C8700DDA3D6 /* Frameworks */,
				6F6D5F4C2B911C8700DDA3D6 /* Resources */,
			);
			buildRules = (
			);
			dependencies = (
			);
			name = PrismDMX;
			packageProductDependencies = (
				6F6D5F832B91D5D700DDA3D6 /* sACN */,
				6F6D5F852B91D5D700DDA3D6 /* sACNDemo */,
			);
			productName = PrismDMX;
			productReference = 6F6D5F4E2B911C8700DDA3D6 /* PrismDMX.app */;
			productType = "com.apple.product-type.application";
		};
		6F6D5F612B911C8800DDA3D6 /* PrismDMXTests */ = {
			isa = PBXNativeTarget;
			buildConfigurationList = 6F6D5F792B911C8800DDA3D6 /* Build configuration list for PBXNativeTarget "PrismDMXTests" */;
			buildPhases = (
				6F6D5F5E2B911C8800DDA3D6 /* Sources */,
				6F6D5F5F2B911C8800DDA3D6 /* Frameworks */,
				6F6D5F602B911C8800DDA3D6 /* Resources */,
			);
			buildRules = (
			);
			dependencies = (
				6F6D5F642B911C8800DDA3D6 /* PBXTargetDependency */,
			);
			name = PrismDMXTests;
			productName = PrismDMXTests;
			productReference = 6F6D5F622B911C8800DDA3D6 /* PrismDMXTests.xctest */;
			productType = "com.apple.product-type.bundle.unit-test";
		};
		6F6D5F6B2B911C8800DDA3D6 /* PrismDMXUITests */ = {
			isa = PBXNativeTarget;
			buildConfigurationList = 6F6D5F7C2B911C8800DDA3D6 /* Build configuration list for PBXNativeTarget "PrismDMXUITests" */;
			buildPhases = (
				6F6D5F682B911C8800DDA3D6 /* Sources */,
				6F6D5F692B911C8800DDA3D6 /* Frameworks */,
				6F6D5F6A2B911C8800DDA3D6 /* Resources */,
			);
			buildRules = (
			);
			dependencies = (
				6F6D5F6E2B911C8800DDA3D6 /* PBXTargetDependency */,
			);
			name = PrismDMXUITests;
			productName = PrismDMXUITests;
			productReference = 6F6D5F6C2B911C8800DDA3D6 /* PrismDMXUITests.xctest */;
			productType = "com.apple.product-type.bundle.ui-testing";
		};
/* End PBXNativeTarget section */

/* Begin PBXProject section */
		6F6D5F462B911C8700DDA3D6 /* Project object */ = {
			isa = PBXProject;
			attributes = {
				BuildIndependentTargetsInParallel = 1;
				LastSwiftUpdateCheck = 1500;
				LastUpgradeCheck = 1500;
				TargetAttributes = {
					6F6D5F4D2B911C8700DDA3D6 = {
						CreatedOnToolsVersion = 15.0.1;
					};
					6F6D5F612B911C8800DDA3D6 = {
						CreatedOnToolsVersion = 15.0.1;
						TestTargetID = 6F6D5F4D2B911C8700DDA3D6;
					};
					6F6D5F6B2B911C8800DDA3D6 = {
						CreatedOnToolsVersion = 15.0.1;
						TestTargetID = 6F6D5F4D2B911C8700DDA3D6;
					};
				};
			};
			buildConfigurationList = 6F6D5F492B911C8700DDA3D6 /* Build configuration list for PBXProject "PrismDMX" */;
			compatibilityVersion = "Xcode 14.0";
			developmentRegion = en;
			hasScannedForEncodings = 0;
			knownRegions = (
				en,
				Base,
			);
			mainGroup = 6F6D5F452B911C8700DDA3D6;
			packageReferences = (
				6F6D5F822B91D5D700DDA3D6 /* XCLocalSwiftPackageReference "../../../Downloads/sACN-master" */,
			);
			productRefGroup = 6F6D5F4F2B911C8700DDA3D6 /* Products */;
			projectDirPath = "";
			projectRoot = "";
			targets = (
				6F6D5F4D2B911C8700DDA3D6 /* PrismDMX */,
				6F6D5F612B911C8800DDA3D6 /* PrismDMXTests */,
				6F6D5F6B2B911C8800DDA3D6 /* PrismDMXUITests */,
			);
		};
/* End PBXProject section */

/* Begin PBXResourcesBuildPhase section */
		6F6D5F4C2B911C8700DDA3D6 /* Resources */ = {
			isa = PBXResourcesBuildPhase;
			buildActionMask = 2147483647;
			files = (
				6F6D5F912B94C4A400DDA3D6 /* README.md in Resources */,
				6F6D5F5D2B911C8800DDA3D6 /* Preview Assets.xcassets in Resources */,
				6F6D5F582B911C8800DDA3D6 /* Assets.xcassets in Resources */,
			);
			runOnlyForDeploymentPostprocessing = 0;
		};
		6F6D5F602B911C8800DDA3D6 /* Resources */ = {
			isa = PBXResourcesBuildPhase;
			buildActionMask = 2147483647;
			files = (
				6F6D5F922B94C4A400DDA3D6 /* README.md in Resources */,
			);
			runOnlyForDeploymentPostprocessing = 0;
		};
		6F6D5F6A2B911C8800DDA3D6 /* Resources */ = {
			isa = PBXResourcesBuildPhase;
			buildActionMask = 2147483647;
			files = (
				6F6D5F932B94C4A400DDA3D6 /* README.md in Resources */,
			);
			runOnlyForDeploymentPostprocessing = 0;
		};
/* End PBXResourcesBuildPhase section */

/* Begin PBXSourcesBuildPhase section */
		6F6D5F4A2B911C8700DDA3D6 /* Sources */ = {
			isa = PBXSourcesBuildPhase;
			buildActionMask = 2147483647;
			files = (
				6F6D5F542B911C8700DDA3D6 /* PrismDMXDocument.swift in Sources */,
				6F6D5F8B2B93461800DDA3D6 /* var.swift in Sources */,
				6F93C0892B97B3020056B15C /* sACN.swift in Sources */,
				6F6D5F522B911C8700DDA3D6 /* PrismDMXApp.swift in Sources */,
				6F6D5F812B91214400DDA3D6 /* workspace.swift in Sources */,
				6F6D5F8F2B938C2700DDA3D6 /* presets.swift in Sources */,
				6F6D5F882B91D67100DDA3D6 /* setup.swift in Sources */,
				6F6D5F562B911C8700DDA3D6 /* ContentView.swift in Sources */,
			);
			runOnlyForDeploymentPostprocessing = 0;
		};
		6F6D5F5E2B911C8800DDA3D6 /* Sources */ = {
			isa = PBXSourcesBuildPhase;
			buildActionMask = 2147483647;
			files = (
				6F6D5F672B911C8800DDA3D6 /* PrismDMXTests.swift in Sources */,
			);
			runOnlyForDeploymentPostprocessing = 0;
		};
		6F6D5F682B911C8800DDA3D6 /* Sources */ = {
			isa = PBXSourcesBuildPhase;
			buildActionMask = 2147483647;
			files = (
				6F6D5F732B911C8800DDA3D6 /* PrismDMXUITestsLaunchTests.swift in Sources */,
				6F6D5F712B911C8800DDA3D6 /* PrismDMXUITests.swift in Sources */,
			);
			runOnlyForDeploymentPostprocessing = 0;
		};
/* End PBXSourcesBuildPhase section */

/* Begin PBXTargetDependency section */
		6F6D5F642B911C8800DDA3D6 /* PBXTargetDependency */ = {
			isa = PBXTargetDependency;
			target = 6F6D5F4D2B911C8700DDA3D6 /* PrismDMX */;
			targetProxy = 6F6D5F632B911C8800DDA3D6 /* PBXContainerItemProxy */;
		};
		6F6D5F6E2B911C8800DDA3D6 /* PBXTargetDependency */ = {
			isa = PBXTargetDependency;
			target = 6F6D5F4D2B911C8700DDA3D6 /* PrismDMX */;
			targetProxy = 6F6D5F6D2B911C8800DDA3D6 /* PBXContainerItemProxy */;
		};
/* End PBXTargetDependency section */

/* Begin XCBuildConfiguration section */
		6F6D5F742B911C8800DDA3D6 /* Debug */ = {
			isa = XCBuildConfiguration;
			buildSettings = {
				ALWAYS_SEARCH_USER_PATHS = NO;
				ASSETCATALOG_COMPILER_GENERATE_SWIFT_ASSET_SYMBOL_EXTENSIONS = YES;
				CLANG_ANALYZER_NONNULL = YES;
				CLANG_ANALYZER_NUMBER_OBJECT_CONVERSION = YES_AGGRESSIVE;
				CLANG_CXX_LANGUAGE_STANDARD = "gnu++20";
				CLANG_ENABLE_MODULES = YES;
				CLANG_ENABLE_OBJC_ARC = YES;
				CLANG_ENABLE_OBJC_WEAK = YES;
				CLANG_WARN_BLOCK_CAPTURE_AUTORELEASING = YES;
				CLANG_WARN_BOOL_CONVERSION = YES;
				CLANG_WARN_COMMA = YES;
				CLANG_WARN_CONSTANT_CONVERSION = YES;
				CLANG_WARN_DEPRECATED_OBJC_IMPLEMENTATIONS = YES;
				CLANG_WARN_DIRECT_OBJC_ISA_USAGE = YES_ERROR;
				CLANG_WARN_DOCUMENTATION_COMMENTS = YES;
				CLANG_WARN_EMPTY_BODY = YES;
				CLANG_WARN_ENUM_CONVERSION = YES;
				CLANG_WARN_INFINITE_RECURSION = YES;
				CLANG_WARN_INT_CONVERSION = YES;
				CLANG_WARN_NON_LITERAL_NULL_CONVERSION = YES;
				CLANG_WARN_OBJC_IMPLICIT_RETAIN_SELF = YES;
				CLANG_WARN_OBJC_LITERAL_CONVERSION = YES;
				CLANG_WARN_OBJC_ROOT_CLASS = YES_ERROR;
				CLANG_WARN_QUOTED_INCLUDE_IN_FRAMEWORK_HEADER = YES;
				CLANG_WARN_RANGE_LOOP_ANALYSIS = YES;
				CLANG_WARN_STRICT_PROTOTYPES = YES;
				CLANG_WARN_SUSPICIOUS_MOVE = YES;
				CLANG_WARN_UNGUARDED_AVAILABILITY = YES_AGGRESSIVE;
				CLANG_WARN_UNREACHABLE_CODE = YES;
				CLANG_WARN__DUPLICATE_METHOD_MATCH = YES;
				COPY_PHASE_STRIP = NO;
				DEBUG_INFORMATION_FORMAT = dwarf;
				ENABLE_STRICT_OBJC_MSGSEND = YES;
				ENABLE_TESTABILITY = YES;
				ENABLE_USER_SCRIPT_SANDBOXING = YES;
				GCC_C_LANGUAGE_STANDARD = gnu17;
				GCC_DYNAMIC_NO_PIC = NO;
				GCC_NO_COMMON_BLOCKS = YES;
				GCC_OPTIMIZATION_LEVEL = 0;
				GCC_PREPROCESSOR_DEFINITIONS = (
					"DEBUG=1",
					"$(inherited)",
				);
				GCC_WARN_64_TO_32_BIT_CONVERSION = YES;
				GCC_WARN_ABOUT_RETURN_TYPE = YES_ERROR;
				GCC_WARN_UNDECLARED_SELECTOR = YES;
				GCC_WARN_UNINITIALIZED_AUTOS = YES_AGGRESSIVE;
				GCC_WARN_UNUSED_FUNCTION = YES;
				GCC_WARN_UNUSED_VARIABLE = YES;
				LOCALIZATION_PREFERS_STRING_CATALOGS = YES;
				MTL_ENABLE_DEBUG_INFO = INCLUDE_SOURCE;
				MTL_FAST_MATH = YES;
				ONLY_ACTIVE_ARCH = YES;
				SWIFT_ACTIVE_COMPILATION_CONDITIONS = "DEBUG $(inherited)";
				SWIFT_OPTIMIZATION_LEVEL = "-Onone";
			};
			name = Debug;
		};
		6F6D5F752B911C8800DDA3D6 /* Release */ = {
			isa = XCBuildConfiguration;
			buildSettings = {
				ALWAYS_SEARCH_USER_PATHS = NO;
				ASSETCATALOG_COMPILER_GENERATE_SWIFT_ASSET_SYMBOL_EXTENSIONS = YES;
				CLANG_ANALYZER_NONNULL = YES;
				CLANG_ANALYZER_NUMBER_OBJECT_CONVERSION = YES_AGGRESSIVE;
				CLANG_CXX_LANGUAGE_STANDARD = "gnu++20";
				CLANG_ENABLE_MODULES = YES;
				CLANG_ENABLE_OBJC_ARC = YES;
				CLANG_ENABLE_OBJC_WEAK = YES;
				CLANG_WARN_BLOCK_CAPTURE_AUTORELEASING = YES;
				CLANG_WARN_BOOL_CONVERSION = YES;
				CLANG_WARN_COMMA = YES;
				CLANG_WARN_CONSTANT_CONVERSION = YES;
				CLANG_WARN_DEPRECATED_OBJC_IMPLEMENTATIONS = YES;
				CLANG_WARN_DIRECT_OBJC_ISA_USAGE = YES_ERROR;
				CLANG_WARN_DOCUMENTATION_COMMENTS = YES;
				CLANG_WARN_EMPTY_BODY = YES;
				CLANG_WARN_ENUM_CONVERSION = YES;
				CLANG_WARN_INFINITE_RECURSION = YES;
				CLANG_WARN_INT_CONVERSION = YES;
				CLANG_WARN_NON_LITERAL_NULL_CONVERSION = YES;
				CLANG_WARN_OBJC_IMPLICIT_RETAIN_SELF = YES;
				CLANG_WARN_OBJC_LITERAL_CONVERSION = YES;
				CLANG_WARN_OBJC_ROOT_CLASS = YES_ERROR;
				CLANG_WARN_QUOTED_INCLUDE_IN_FRAMEWORK_HEADER = YES;
				CLANG_WARN_RANGE_LOOP_ANALYSIS = YES;
				CLANG_WARN_STRICT_PROTOTYPES = YES;
				CLANG_WARN_SUSPICIOUS_MOVE = YES;
				CLANG_WARN_UNGUARDED_AVAILABILITY = YES_AGGRESSIVE;
				CLANG_WARN_UNREACHABLE_CODE = YES;
				CLANG_WARN__DUPLICATE_METHOD_MATCH = YES;
				COPY_PHASE_STRIP = NO;
				DEBUG_INFORMATION_FORMAT = "dwarf-with-dsym";
				ENABLE_NS_ASSERTIONS = NO;
				ENABLE_STRICT_OBJC_MSGSEND = YES;
				ENABLE_USER_SCRIPT_SANDBOXING = YES;
				GCC_C_LANGUAGE_STANDARD = gnu17;
				GCC_NO_COMMON_BLOCKS = YES;
				GCC_WARN_64_TO_32_BIT_CONVERSION = YES;
				GCC_WARN_ABOUT_RETURN_TYPE = YES_ERROR;
				GCC_WARN_UNDECLARED_SELECTOR = YES;
				GCC_WARN_UNINITIALIZED_AUTOS = YES_AGGRESSIVE;
				GCC_WARN_UNUSED_FUNCTION = YES;
				GCC_WARN_UNUSED_VARIABLE = YES;
				LOCALIZATION_PREFERS_STRING_CATALOGS = YES;
				MTL_ENABLE_DEBUG_INFO = NO;
				MTL_FAST_MATH = YES;
				SWIFT_COMPILATION_MODE = wholemodule;
			};
			name = Release;
		};
		6F6D5F772B911C8800DDA3D6 /* Debug */ = {
			isa = XCBuildConfiguration;
			buildSettings = {
				ASSETCATALOG_COMPILER_APPICON_NAME = AppIcon;
				ASSETCATALOG_COMPILER_GLOBAL_ACCENT_COLOR_NAME = AccentColor;
				CODE_SIGN_ENTITLEMENTS = PrismDMX/PrismDMX.entitlements;
				CODE_SIGN_STYLE = Automatic;
				CURRENT_PROJECT_VERSION = 1;
				DEVELOPMENT_ASSET_PATHS = "\"PrismDMX/Preview Content\"";
				DEVELOPMENT_TEAM = A85Q5NP5JW;
				ENABLE_HARDENED_RUNTIME = YES;
				ENABLE_PREVIEWS = YES;
				GENERATE_INFOPLIST_FILE = YES;
				INFOPLIST_FILE = PrismDMX/Info.plist;
				"INFOPLIST_KEY_UIApplicationSceneManifest_Generation[sdk=iphoneos*]" = YES;
				"INFOPLIST_KEY_UIApplicationSceneManifest_Generation[sdk=iphonesimulator*]" = YES;
				"INFOPLIST_KEY_UIApplicationSupportsIndirectInputEvents[sdk=iphoneos*]" = YES;
				"INFOPLIST_KEY_UIApplicationSupportsIndirectInputEvents[sdk=iphonesimulator*]" = YES;
				"INFOPLIST_KEY_UILaunchScreen_Generation[sdk=iphoneos*]" = YES;
				"INFOPLIST_KEY_UILaunchScreen_Generation[sdk=iphonesimulator*]" = YES;
				"INFOPLIST_KEY_UIStatusBarStyle[sdk=iphoneos*]" = UIStatusBarStyleDefault;
				"INFOPLIST_KEY_UIStatusBarStyle[sdk=iphonesimulator*]" = UIStatusBarStyleDefault;
				INFOPLIST_KEY_UISupportedInterfaceOrientations_iPad = "UIInterfaceOrientationPortrait UIInterfaceOrientationPortraitUpsideDown UIInterfaceOrientationLandscapeLeft UIInterfaceOrientationLandscapeRight";
				INFOPLIST_KEY_UISupportedInterfaceOrientations_iPhone = "UIInterfaceOrientationPortrait UIInterfaceOrientationLandscapeLeft UIInterfaceOrientationLandscapeRight";
				"INFOPLIST_KEY_UISupportsDocumentBrowser[sdk=iphoneos*]" = YES;
				"INFOPLIST_KEY_UISupportsDocumentBrowser[sdk=iphonesimulator*]" = YES;
				IPHONEOS_DEPLOYMENT_TARGET = 17.0;
				LD_RUNPATH_SEARCH_PATHS = "@executable_path/Frameworks";
				"LD_RUNPATH_SEARCH_PATHS[sdk=macosx*]" = "@executable_path/../Frameworks";
				MACOSX_DEPLOYMENT_TARGET = 13.3;
				MARKETING_VERSION = 1.0;
				PRODUCT_BUNDLE_IDENTIFIER = de.micstudios.PrismDMX;
				PRODUCT_NAME = "$(TARGET_NAME)";
				SDKROOT = auto;
				SUPPORTED_PLATFORMS = "iphoneos iphonesimulator macosx";
				SWIFT_EMIT_LOC_STRINGS = YES;
				SWIFT_VERSION = 5.0;
				TARGETED_DEVICE_FAMILY = "1,2";
			};
			name = Debug;
		};
		6F6D5F782B911C8800DDA3D6 /* Release */ = {
			isa = XCBuildConfiguration;
			buildSettings = {
				ASSETCATALOG_COMPILER_APPICON_NAME = AppIcon;
				ASSETCATALOG_COMPILER_GLOBAL_ACCENT_COLOR_NAME = AccentColor;
				CODE_SIGN_ENTITLEMENTS = PrismDMX/PrismDMX.entitlements;
				CODE_SIGN_STYLE = Automatic;
				CURRENT_PROJECT_VERSION = 1;
				DEVELOPMENT_ASSET_PATHS = "\"PrismDMX/Preview Content\"";
				DEVELOPMENT_TEAM = A85Q5NP5JW;
				ENABLE_HARDENED_RUNTIME = YES;
				ENABLE_PREVIEWS = YES;
				GENERATE_INFOPLIST_FILE = YES;
				INFOPLIST_FILE = PrismDMX/Info.plist;
				"INFOPLIST_KEY_UIApplicationSceneManifest_Generation[sdk=iphoneos*]" = YES;
				"INFOPLIST_KEY_UIApplicationSceneManifest_Generation[sdk=iphonesimulator*]" = YES;
				"INFOPLIST_KEY_UIApplicationSupportsIndirectInputEvents[sdk=iphoneos*]" = YES;
				"INFOPLIST_KEY_UIApplicationSupportsIndirectInputEvents[sdk=iphonesimulator*]" = YES;
				"INFOPLIST_KEY_UILaunchScreen_Generation[sdk=iphoneos*]" = YES;
				"INFOPLIST_KEY_UILaunchScreen_Generation[sdk=iphonesimulator*]" = YES;
				"INFOPLIST_KEY_UIStatusBarStyle[sdk=iphoneos*]" = UIStatusBarStyleDefault;
				"INFOPLIST_KEY_UIStatusBarStyle[sdk=iphonesimulator*]" = UIStatusBarStyleDefault;
				INFOPLIST_KEY_UISupportedInterfaceOrientations_iPad = "UIInterfaceOrientationPortrait UIInterfaceOrientationPortraitUpsideDown UIInterfaceOrientationLandscapeLeft UIInterfaceOrientationLandscapeRight";
				INFOPLIST_KEY_UISupportedInterfaceOrientations_iPhone = "UIInterfaceOrientationPortrait UIInterfaceOrientationLandscapeLeft UIInterfaceOrientationLandscapeRight";
				"INFOPLIST_KEY_UISupportsDocumentBrowser[sdk=iphoneos*]" = YES;
				"INFOPLIST_KEY_UISupportsDocumentBrowser[sdk=iphonesimulator*]" = YES;
				IPHONEOS_DEPLOYMENT_TARGET = 17.0;
				LD_RUNPATH_SEARCH_PATHS = "@executable_path/Frameworks";
				"LD_RUNPATH_SEARCH_PATHS[sdk=macosx*]" = "@executable_path/../Frameworks";
				MACOSX_DEPLOYMENT_TARGET = 13.3;
				MARKETING_VERSION = 1.0;
				PRODUCT_BUNDLE_IDENTIFIER = de.micstudios.PrismDMX;
				PRODUCT_NAME = "$(TARGET_NAME)";
				SDKROOT = auto;
				SUPPORTED_PLATFORMS = "iphoneos iphonesimulator macosx";
				SWIFT_EMIT_LOC_STRINGS = YES;
				SWIFT_VERSION = 5.0;
				TARGETED_DEVICE_FAMILY = "1,2";
			};
			name = Release;
		};
		6F6D5F7A2B911C8800DDA3D6 /* Debug */ = {
			isa = XCBuildConfiguration;
			buildSettings = {
				ALWAYS_EMBED_SWIFT_STANDARD_LIBRARIES = YES;
				BUNDLE_LOADER = "$(TEST_HOST)";
				CODE_SIGN_STYLE = Automatic;
				CURRENT_PROJECT_VERSION = 1;
				DEVELOPMENT_TEAM = A85Q5NP5JW;
				GENERATE_INFOPLIST_FILE = YES;
				IPHONEOS_DEPLOYMENT_TARGET = 17.0;
				MACOSX_DEPLOYMENT_TARGET = 14.0;
				MARKETING_VERSION = 1.0;
				PRODUCT_BUNDLE_IDENTIFIER = de.micstudios.PrismDMXTests;
				PRODUCT_NAME = "$(TARGET_NAME)";
				SDKROOT = auto;
				SUPPORTED_PLATFORMS = "iphoneos iphonesimulator macosx";
				SWIFT_EMIT_LOC_STRINGS = NO;
				SWIFT_VERSION = 5.0;
				TARGETED_DEVICE_FAMILY = "1,2";
				TEST_HOST = "$(BUILT_PRODUCTS_DIR)/PrismDMX.app/$(BUNDLE_EXECUTABLE_FOLDER_PATH)/PrismDMX";
			};
			name = Debug;
		};
		6F6D5F7B2B911C8800DDA3D6 /* Release */ = {
			isa = XCBuildConfiguration;
			buildSettings = {
				ALWAYS_EMBED_SWIFT_STANDARD_LIBRARIES = YES;
				BUNDLE_LOADER = "$(TEST_HOST)";
				CODE_SIGN_STYLE = Automatic;
				CURRENT_PROJECT_VERSION = 1;
				DEVELOPMENT_TEAM = A85Q5NP5JW;
				GENERATE_INFOPLIST_FILE = YES;
				IPHONEOS_DEPLOYMENT_TARGET = 17.0;
				MACOSX_DEPLOYMENT_TARGET = 14.0;
				MARKETING_VERSION = 1.0;
				PRODUCT_BUNDLE_IDENTIFIER = de.micstudios.PrismDMXTests;
				PRODUCT_NAME = "$(TARGET_NAME)";
				SDKROOT = auto;
				SUPPORTED_PLATFORMS = "iphoneos iphonesimulator macosx";
				SWIFT_EMIT_LOC_STRINGS = NO;
				SWIFT_VERSION = 5.0;
				TARGETED_DEVICE_FAMILY = "1,2";
				TEST_HOST = "$(BUILT_PRODUCTS_DIR)/PrismDMX.app/$(BUNDLE_EXECUTABLE_FOLDER_PATH)/PrismDMX";
			};
			name = Release;
		};
		6F6D5F7D2B911C8800DDA3D6 /* Debug */ = {
			isa = XCBuildConfiguration;
			buildSettings = {
				ALWAYS_EMBED_SWIFT_STANDARD_LIBRARIES = YES;
				CODE_SIGN_STYLE = Automatic;
				CURRENT_PROJECT_VERSION = 1;
				DEVELOPMENT_TEAM = A85Q5NP5JW;
				GENERATE_INFOPLIST_FILE = YES;
				IPHONEOS_DEPLOYMENT_TARGET = 17.0;
				MACOSX_DEPLOYMENT_TARGET = 14.0;
				MARKETING_VERSION = 1.0;
				PRODUCT_BUNDLE_IDENTIFIER = de.micstudios.PrismDMXUITests;
				PRODUCT_NAME = "$(TARGET_NAME)";
				SDKROOT = auto;
				SUPPORTED_PLATFORMS = "iphoneos iphonesimulator macosx";
				SWIFT_EMIT_LOC_STRINGS = NO;
				SWIFT_VERSION = 5.0;
				TARGETED_DEVICE_FAMILY = "1,2";
				TEST_TARGET_NAME = PrismDMX;
			};
			name = Debug;
		};
		6F6D5F7E2B911C8800DDA3D6 /* Release */ = {
			isa = XCBuildConfiguration;
			buildSettings = {
				ALWAYS_EMBED_SWIFT_STANDARD_LIBRARIES = YES;
				CODE_SIGN_STYLE = Automatic;
				CURRENT_PROJECT_VERSION = 1;
				DEVELOPMENT_TEAM = A85Q5NP5JW;
				GENERATE_INFOPLIST_FILE = YES;
				IPHONEOS_DEPLOYMENT_TARGET = 17.0;
				MACOSX_DEPLOYMENT_TARGET = 14.0;
				MARKETING_VERSION = 1.0;
				PRODUCT_BUNDLE_IDENTIFIER = de.micstudios.PrismDMXUITests;
				PRODUCT_NAME = "$(TARGET_NAME)";
				SDKROOT = auto;
				SUPPORTED_PLATFORMS = "iphoneos iphonesimulator macosx";
				SWIFT_EMIT_LOC_STRINGS = NO;
				SWIFT_VERSION = 5.0;
				TARGETED_DEVICE_FAMILY = "1,2";
				TEST_TARGET_NAME = PrismDMX;
			};
			name = Release;
		};
/* End XCBuildConfiguration section */

/* Begin XCConfigurationList section */
		6F6D5F492B911C8700DDA3D6 /* Build configuration list for PBXProject "PrismDMX" */ = {
			isa = XCConfigurationList;
			buildConfigurations = (
				6F6D5F742B911C8800DDA3D6 /* Debug */,
				6F6D5F752B911C8800DDA3D6 /* Release */,
			);
			defaultConfigurationIsVisible = 0;
			defaultConfigurationName = Release;
		};
		6F6D5F762B911C8800DDA3D6 /* Build configuration list for PBXNativeTarget "PrismDMX" */ = {
			isa = XCConfigurationList;
			buildConfigurations = (
				6F6D5F772B911C8800DDA3D6 /* Debug */,
				6F6D5F782B911C8800DDA3D6 /* Release */,
			);
			defaultConfigurationIsVisible = 0;
			defaultConfigurationName = Release;
		};
		6F6D5F792B911C8800DDA3D6 /* Build configuration list for PBXNativeTarget "PrismDMXTests" */ = {
			isa = XCConfigurationList;
			buildConfigurations = (
				6F6D5F7A2B911C8800DDA3D6 /* Debug */,
				6F6D5F7B2B911C8800DDA3D6 /* Release */,
			);
			defaultConfigurationIsVisible = 0;
			defaultConfigurationName = Release;
		};
		6F6D5F7C2B911C8800DDA3D6 /* Build configuration list for PBXNativeTarget "PrismDMXUITests" */ = {
			isa = XCConfigurationList;
			buildConfigurations = (
				6F6D5F7D2B911C8800DDA3D6 /* Debug */,
				6F6D5F7E2B911C8800DDA3D6 /* Release */,
			);
			defaultConfigurationIsVisible = 0;
			defaultConfigurationName = Release;
		};
/* End XCConfigurationList section */

/* Begin XCLocalSwiftPackageReference section */
		6F6D5F822B91D5D700DDA3D6 /* XCLocalSwiftPackageReference "../../../Downloads/sACN-master" */ = {
			isa = XCLocalSwiftPackageReference;
			relativePath = "../../../Downloads/sACN-master";
		};
/* End XCLocalSwiftPackageReference section */

/* Begin XCSwiftPackageProductDependency section */
		6F6D5F832B91D5D700DDA3D6 /* sACN */ = {
			isa = XCSwiftPackageProductDependency;
			productName = sACN;
		};
		6F6D5F852B91D5D700DDA3D6 /* sACNDemo */ = {
			isa = XCSwiftPackageProductDependency;
			productName = sACNDemo;
		};
/* End XCSwiftPackageProductDependency section */
	};
	rootObject = 6F6D5F462B911C8700DDA3D6 /* Project object */;
}
